
Microsoft Visual Studio Solution File, Format Version 12.00
# Visual Studio Version 16
VisualStudioVersion = 16.0.30907.101
MinimumVisualStudioVersion = 10.0.40219.1
Project("{FAE04EC0-301F-11D3-BF4B-00C04F79EFBC}") = "TushuGuan", "TushuGuan\TushuGuan.csproj", "{27052650-EDD6-4173-BC78-A9B870BB0FA0}"
EndProject
Global
	GlobalSection(SolutionConfigurationPlatforms) = preSolution
		Debug|Any CPU = Debug|Any CPU
		Release|Any CPU = Release|Any CPU
	EndGlobalSection
	GlobalSection(ProjectConfigurationPlatforms) = postSolution
		{27052650-EDD6-4173-BC78-A9B870BB0FA0}.Debug|Any CPU.ActiveCfg = Debug|Any CPU
		{27052650-EDD6-4173-BC78-A9B870BB0FA0}.Debug|Any CPU.Build.0 = Debug|Any CPU
		{27052650-EDD6-4173-BC78-A9B870BB0FA0}.Release|Any CPU.ActiveCfg = Release|Any CPU
		{27052650-EDD6-4173-BC78-A9B870BB0FA0}.Release|Any CPU.Build.0 = Release|Any CPU
	EndGlobalSection
	GlobalSection(SolutionProperties) = preSolution
		HideSolutionNode = FALSE
	EndGlobalSection
	GlobalSection(ExtensibilityGlobals) = postSolution
		SolutionGuid = {68547913-1CD4-4ECE-A5FB-C37AAB90DA90}
	EndGlobalSection
EndGlobal
